{
  "name": "ePI-workspace",
  "version": "1.0.1",
  "lockfileVersion": 1,
  "requires": true,
  "dependencies": {
    "octopus": {
      "version": "git+http://github.com/privatesky/octopus.git#ec0faf1b4c3ea162f784ad113210e9aa1a24d0fe",
      "from": "git+http://github.com/privatesky/octopus.git"
    }
  }
}
